Microsoft Visual Studio Solution File, Format Version 11.00
# Visual Studio 2010
Project("{FAE04EC0-301F-11D3-BF4B-00C04F79EFBC}") = "Simulator", "Simulator\Simulator.csproj", "{CF91CBF2-F955-4B29-A784-545CD97640FD}"
EndProject
Global
	GlobalSection(SolutionConfigurationPlatforms) = preSolution
		Debug|Any CPU = Debug|Any CPU
		Release|Any CPU = Release|Any CPU
	EndGlobalSection
	GlobalSection(ProjectConfigurationPlatforms) = postSolution
		{CF91CBF2-F955-4B29-A784-545CD97640FD}.Debug|Any CPU.ActiveCfg = Debug|Any CPU
		{CF91CBF2-F955-4B29-A784-545CD97640FD}.Debug|Any CPU.Build.0 = Debug|Any CPU
		{CF91CBF2-F955-4B29-A784-545CD97640FD}.Release|Any CPU.ActiveCfg = Release|Any CPU
		{CF91CBF2-F955-4B29-A784-545CD97640FD}.Release|Any CPU.Build.0 = Release|Any CPU
	EndGlobalSection
	GlobalSection(SolutionProperties) = preSolution
		HideSolutionNode = FALSE
	EndGlobalSection
EndGlobal
